
Microsoft Visual Studio Solution File, Format Version 12.00
# Visual Studio Version 17
VisualStudioVersion = 17.9.34728.123
MinimumVisualStudioVersion = 10.0.40219.1
Project("{FAE04EC0-301F-11D3-BF4B-00C04F79EFBC}") = "sample-crud-be", "sample-crud-be.csproj", "{257BC534-5003-4901-94B6-B7AADDA99EB4}"
EndProject
Global
	GlobalSection(SolutionConfigurationPlatforms) = preSolution
		Debug|Any CPU = Debug|Any CPU
		Release|Any CPU = Release|Any CPU
	EndGlobalSection
	GlobalSection(ProjectConfigurationPlatforms) = postSolution
		{257BC534-5003-4901-94B6-B7AADDA99EB4}.Debug|Any CPU.ActiveCfg = Debug|Any CPU
		{257BC534-5003-4901-94B6-B7AADDA99EB4}.Debug|Any CPU.Build.0 = Debug|Any CPU
		{257BC534-5003-4901-94B6-B7AADDA99EB4}.Release|Any CPU.ActiveCfg = Release|Any CPU
		{257BC534-5003-4901-94B6-B7AADDA99EB4}.Release|Any CPU.Build.0 = Release|Any CPU
	EndGlobalSection
	GlobalSection(SolutionProperties) = preSolution
		HideSolutionNode = FALSE
	EndGlobalSection
	GlobalSection(ExtensibilityGlobals) = postSolution
		SolutionGuid = {E9518FDC-D7F6-459B-822A-39CBCF087E7C}
	EndGlobalSection
EndGlobal
